
Microsoft Visual Studio Solution File, Format Version 12.00
# Visual Studio Version 16
VisualStudioVersion = 16.0.30804.86
MinimumVisualStudioVersion = 10.0.40219.1
Project("{9A19103F-16F7-4668-BE54-9A1E7A4F7556}") = "Pairs", "Pairs\Pairs.csproj", "{94E87358-2ED5-4575-B1BD-C589CA415C64}"
EndProject
Project("{9A19103F-16F7-4668-BE54-9A1E7A4F7556}") = "Encoder", "Encoder\Encoder.csproj", "{CBE1AF22-56DD-4198-B39D-47940813541B}"
EndProject
Project("{9A19103F-16F7-4668-BE54-9A1E7A4F7556}") = "BlackJack", "BlackJack\BlackJack.csproj", "{B9971B1F-78E7-4449-8402-2214094DADEF}"
EndProject
Project("{9A19103F-16F7-4668-BE54-9A1E7A4F7556}") = "EvenlySpaced", "EvenlySpaced\EvenlySpaced.csproj", "{269A06B8-BF87-4758-94C2-3DF7157C0060}"
EndProject
Project("{9A19103F-16F7-4668-BE54-9A1E7A4F7556}") = "CollapseDuplicates", "CollapseDuplicates\CollapseDuplicates.csproj", "{598C41B1-2ADE-49B2-B0A4-6E5F601AEBB2}"
EndProject
Project("{9A19103F-16F7-4668-BE54-9A1E7A4F7556}") = "MakeBricks", "MakeBricks\MakeBricks.csproj", "{5DF8151A-E1BC-4EC5-A537-333463C378DA}"
EndProject
Project("{9A19103F-16F7-4668-BE54-9A1E7A4F7556}") = "MineSweeper", "MineSweeper\MineSweeper.csproj", "{D062357F-0D65-4BD8-9958-24E2EA212632}"
EndProject
Project("{9A19103F-16F7-4668-BE54-9A1E7A4F7556}") = "Decompressor", "Decompressor\Decompressor.csproj", "{E30F49B7-15C2-4A12-810F-516627003E2A}"
EndProject
Project("{9A19103F-16F7-4668-BE54-9A1E7A4F7556}") = "FillLake", "FillLake\FillLake.csproj", "{324ABC6C-1918-4CE1-A437-DA09E7063D2E}"
EndProject
Project("{9A19103F-16F7-4668-BE54-9A1E7A4F7556}") = "SpiralMatrixII", "SpiralMatrixII\SpiralMatrixII.csproj", "{02705716-B080-405B-82BD-FBBAF07AB7B7}"
EndProject
Project("{9A19103F-16F7-4668-BE54-9A1E7A4F7556}") = "DistributedCandies", "DistributedCandies\DistributedCandies.csproj", "{D09F609C-5ADE-4EC5-8759-953BC6C2EF9B}"
EndProject
Project("{9A19103F-16F7-4668-BE54-9A1E7A4F7556}") = "SplitTwoStringsToMakePalindrome", "SplitTwoStringsToMakePalindrome\SplitTwoStringsToMakePalindrome.csproj", "{E95B4599-2AF7-4988-9FBB-6461F404478C}"
EndProject
Project("{9A19103F-16F7-4668-BE54-9A1E7A4F7556}") = "Triangle", "Triangle\Triangle.csproj", "{62FF8151-88AD-4459-A99C-0824237D0BFD}"
EndProject
Project("{9A19103F-16F7-4668-BE54-9A1E7A4F7556}") = "ShoppingOffers", "ShoppingOffers\ShoppingOffers.csproj", "{C374EA8E-4D4D-4DAE-AF0B-9C12910A9B7E}"
EndProject
Project("{9A19103F-16F7-4668-BE54-9A1E7A4F7556}") = "DeleteAndEarn", "DeleteAndEarn\DeleteAndEarn.csproj", "{62191743-7466-40C8-BF43-89A46DF8D6BC}"
EndProject
Project("{9A19103F-16F7-4668-BE54-9A1E7A4F7556}") = "VideoStitching", "VideoStitching\VideoStitching.csproj", "{CF6BC76C-F4E4-478E-A7F0-4C15A62688AE}"
EndProject
Project("{9A19103F-16F7-4668-BE54-9A1E7A4F7556}") = "PerfectSquares", "PerfectSquares\PerfectSquares.csproj", "{963FECF9-9F70-47B1-A7D7-A92A92B924DA}"
EndProject
Project("{9A19103F-16F7-4668-BE54-9A1E7A4F7556}") = "TargetSum", "TargetSum\TargetSum.csproj", "{DDE8ADBA-8B80-4311-B643-BD06E5420D8C}"
EndProject
Project("{9A19103F-16F7-4668-BE54-9A1E7A4F7556}") = "WaysToMakeFair", "WaysToMakeFair\WaysToMakeFair.csproj", "{2761182D-C570-4965-A8DE-968F7D6E1C85}"
EndProject
Project("{9A19103F-16F7-4668-BE54-9A1E7A4F7556}") = "LongestStringChain", "LongestStringChain\LongestStringChain.csproj", "{E01422D1-E70F-4331-A3C3-DB4253610266}"
EndProject
Project("{9A19103F-16F7-4668-BE54-9A1E7A4F7556}") = "WhereWillTheBallFall", "WhereWillTheBallFall\WhereWillTheBallFall.csproj", "{71D13E06-7C99-41FC-84F3-7246069D0664}"
EndProject
Project("{9A19103F-16F7-4668-BE54-9A1E7A4F7556}") = "MinHeightShelves", "MinHeightShelves\MinHeightShelves.csproj", "{95EF8691-BA07-4438-89AC-EC8D74A7B8A5}"
EndProject
Project("{9A19103F-16F7-4668-BE54-9A1E7A4F7556}") = "ArithmeticSlices", "ArithmeticSlices\ArithmeticSlices.csproj", "{03119AE9-8DBA-4DB7-A79D-E35A1FC6A9E1}"
EndProject
Project("{2150E333-8FDC-42A3-9474-1A3956D46DE8}") = "Tests", "Tests", "{739397FB-F438-47AC-AD06-0271786DA798}"
EndProject
Project("{9A19103F-16F7-4668-BE54-9A1E7A4F7556}") = "UnitTests", "UnitTests\UnitTests.csproj", "{590F2BBD-8E2D-4761-A322-3B694CBDC00A}"
EndProject
Project("{9A19103F-16F7-4668-BE54-9A1E7A4F7556}") = "CountSortedVowelStrings", "CountSortedVowelStrings\CountSortedVowelStrings.csproj", "{7943D382-2F9D-42AD-AE1E-FCDDC96418C3}"
EndProject
Project("{888888A0-9F3D-457C-B088-3A5042F75D52}") = "UniquePaths", "UniquePaths\UniquePaths.pyproj", "{C0C5B89C-91EC-4F3B-B071-25781A67B4DD}"
EndProject
Project("{888888A0-9F3D-457C-B088-3A5042F75D52}") = "UniquePathsII", "UniquePathsII\UniquePathsII.pyproj", "{C9F9EA90-617C-4C3A-94F1-23A7B85E2984}"
EndProject
Project("{888888A0-9F3D-457C-B088-3A5042F75D52}") = "UniquePathsIII", "UniquePathsIII\UniquePathsIII.pyproj", "{47E27C94-0ECB-4D32-B3AB-351AE5927136}"
EndProject
Global
	GlobalSection(SolutionConfigurationPlatforms) = preSolution
		Debug|Any CPU = Debug|Any CPU
		Release|Any CPU = Release|Any CPU
	EndGlobalSection
	GlobalSection(ProjectConfigurationPlatforms) = postSolution
		{94E87358-2ED5-4575-B1BD-C589CA415C64}.Debug|Any CPU.ActiveCfg = Debug|Any CPU
		{94E87358-2ED5-4575-B1BD-C589CA415C64}.Debug|Any CPU.Build.0 = Debug|Any CPU
		{94E87358-2ED5-4575-B1BD-C589CA415C64}.Release|Any CPU.ActiveCfg = Release|Any CPU
		{94E87358-2ED5-4575-B1BD-C589CA415C64}.Release|Any CPU.Build.0 = Release|Any CPU
		{CBE1AF22-56DD-4198-B39D-47940813541B}.Debug|Any CPU.ActiveCfg = Debug|Any CPU
		{CBE1AF22-56DD-4198-B39D-47940813541B}.Debug|Any CPU.Build.0 = Debug|Any CPU
		{CBE1AF22-56DD-4198-B39D-47940813541B}.Release|Any CPU.ActiveCfg = Release|Any CPU
		{CBE1AF22-56DD-4198-B39D-47940813541B}.Release|Any CPU.Build.0 = Release|Any CPU
		{B9971B1F-78E7-4449-8402-2214094DADEF}.Debug|Any CPU.ActiveCfg = Debug|Any CPU
		{B9971B1F-78E7-4449-8402-2214094DADEF}.Debug|Any CPU.Build.0 = Debug|Any CPU
		{B9971B1F-78E7-4449-8402-2214094DADEF}.Release|Any CPU.ActiveCfg = Release|Any CPU
		{B9971B1F-78E7-4449-8402-2214094DADEF}.Release|Any CPU.Build.0 = Release|Any CPU
		{269A06B8-BF87-4758-94C2-3DF7157C0060}.Debug|Any CPU.ActiveCfg = Debug|Any CPU
		{269A06B8-BF87-4758-94C2-3DF7157C0060}.Debug|Any CPU.Build.0 = Debug|Any CPU
		{269A06B8-BF87-4758-94C2-3DF7157C0060}.Release|Any CPU.ActiveCfg = Release|Any CPU
		{269A06B8-BF87-4758-94C2-3DF7157C0060}.Release|Any CPU.Build.0 = Release|Any CPU
		{598C41B1-2ADE-49B2-B0A4-6E5F601AEBB2}.Debug|Any CPU.ActiveCfg = Debug|Any CPU
		{598C41B1-2ADE-49B2-B0A4-6E5F601AEBB2}.Debug|Any CPU.Build.0 = Debug|Any CPU
		{598C41B1-2ADE-49B2-B0A4-6E5F601AEBB2}.Release|Any CPU.ActiveCfg = Release|Any CPU
		{598C41B1-2ADE-49B2-B0A4-6E5F601AEBB2}.Release|Any CPU.Build.0 = Release|Any CPU
		{5DF8151A-E1BC-4EC5-A537-333463C378DA}.Debug|Any CPU.ActiveCfg = Debug|Any CPU
		{5DF8151A-E1BC-4EC5-A537-333463C378DA}.Debug|Any CPU.Build.0 = Debug|Any CPU
		{5DF8151A-E1BC-4EC5-A537-333463C378DA}.Release|Any CPU.ActiveCfg = Release|Any CPU
		{5DF8151A-E1BC-4EC5-A537-333463C378DA}.Release|Any CPU.Build.0 = Release|Any CPU
		{D062357F-0D65-4BD8-9958-24E2EA212632}.Debug|Any CPU.ActiveCfg = Debug|Any CPU
		{D062357F-0D65-4BD8-9958-24E2EA212632}.Debug|Any CPU.Build.0 = Debug|Any CPU
		{D062357F-0D65-4BD8-9958-24E2EA212632}.Release|Any CPU.ActiveCfg = Release|Any CPU
		{D062357F-0D65-4BD8-9958-24E2EA212632}.Release|Any CPU.Build.0 = Release|Any CPU
		{E30F49B7-15C2-4A12-810F-516627003E2A}.Debug|Any CPU.ActiveCfg = Debug|Any CPU
		{E30F49B7-15C2-4A12-810F-516627003E2A}.Debug|Any CPU.Build.0 = Debug|Any CPU
		{E30F49B7-15C2-4A12-810F-516627003E2A}.Release|Any CPU.ActiveCfg = Release|Any CPU
		{E30F49B7-15C2-4A12-810F-516627003E2A}.Release|Any CPU.Build.0 = Release|Any CPU
		{324ABC6C-1918-4CE1-A437-DA09E7063D2E}.Debug|Any CPU.ActiveCfg = Debug|Any CPU
		{324ABC6C-1918-4CE1-A437-DA09E7063D2E}.Debug|Any CPU.Build.0 = Debug|Any CPU
		{324ABC6C-1918-4CE1-A437-DA09E7063D2E}.Release|Any CPU.ActiveCfg = Release|Any CPU
		{324ABC6C-1918-4CE1-A437-DA09E7063D2E}.Release|Any CPU.Build.0 = Release|Any CPU
		{02705716-B080-405B-82BD-FBBAF07AB7B7}.Debug|Any CPU.ActiveCfg = Debug|Any CPU
		{02705716-B080-405B-82BD-FBBAF07AB7B7}.Debug|Any CPU.Build.0 = Debug|Any CPU
		{02705716-B080-405B-82BD-FBBAF07AB7B7}.Release|Any CPU.ActiveCfg = Release|Any CPU
		{02705716-B080-405B-82BD-FBBAF07AB7B7}.Release|Any CPU.Build.0 = Release|Any CPU
		{D09F609C-5ADE-4EC5-8759-953BC6C2EF9B}.Debug|Any CPU.ActiveCfg = Debug|Any CPU
		{D09F609C-5ADE-4EC5-8759-953BC6C2EF9B}.Debug|Any CPU.Build.0 = Debug|Any CPU
		{D09F609C-5ADE-4EC5-8759-953BC6C2EF9B}.Release|Any CPU.ActiveCfg = Release|Any CPU
		{D09F609C-5ADE-4EC5-8759-953BC6C2EF9B}.Release|Any CPU.Build.0 = Release|Any CPU
		{E95B4599-2AF7-4988-9FBB-6461F404478C}.Debug|Any CPU.ActiveCfg = Debug|Any CPU
		{E95B4599-2AF7-4988-9FBB-6461F404478C}.Debug|Any CPU.Build.0 = Debug|Any CPU
		{E95B4599-2AF7-4988-9FBB-6461F404478C}.Release|Any CPU.ActiveCfg = Release|Any CPU
		{E95B4599-2AF7-4988-9FBB-6461F404478C}.Release|Any CPU.Build.0 = Release|Any CPU
		{62FF8151-88AD-4459-A99C-0824237D0BFD}.Debug|Any CPU.ActiveCfg = Debug|Any CPU
		{62FF8151-88AD-4459-A99C-0824237D0BFD}.Debug|Any CPU.Build.0 = Debug|Any CPU
		{62FF8151-88AD-4459-A99C-0824237D0BFD}.Release|Any CPU.ActiveCfg = Release|Any CPU
		{62FF8151-88AD-4459-A99C-0824237D0BFD}.Release|Any CPU.Build.0 = Release|Any CPU
		{C374EA8E-4D4D-4DAE-AF0B-9C12910A9B7E}.Debug|Any CPU.ActiveCfg = Debug|Any CPU
		{C374EA8E-4D4D-4DAE-AF0B-9C12910A9B7E}.Debug|Any CPU.Build.0 = Debug|Any CPU
		{C374EA8E-4D4D-4DAE-AF0B-9C12910A9B7E}.Release|Any CPU.ActiveCfg = Release|Any CPU
		{C374EA8E-4D4D-4DAE-AF0B-9C12910A9B7E}.Release|Any CPU.Build.0 = Release|Any CPU
		{62191743-7466-40C8-BF43-89A46DF8D6BC}.Debug|Any CPU.ActiveCfg = Debug|Any CPU
		{62191743-7466-40C8-BF43-89A46DF8D6BC}.Debug|Any CPU.Build.0 = Debug|Any CPU
		{62191743-7466-40C8-BF43-89A46DF8D6BC}.Release|Any CPU.ActiveCfg = Release|Any CPU
		{62191743-7466-40C8-BF43-89A46DF8D6BC}.Release|Any CPU.Build.0 = Release|Any CPU
		{CF6BC76C-F4E4-478E-A7F0-4C15A62688AE}.Debug|Any CPU.ActiveCfg = Debug|Any CPU
		{CF6BC76C-F4E4-478E-A7F0-4C15A62688AE}.Debug|Any CPU.Build.0 = Debug|Any CPU
		{CF6BC76C-F4E4-478E-A7F0-4C15A62688AE}.Release|Any CPU.ActiveCfg = Release|Any CPU
		{CF6BC76C-F4E4-478E-A7F0-4C15A62688AE}.Release|Any CPU.Build.0 = Release|Any CPU
		{963FECF9-9F70-47B1-A7D7-A92A92B924DA}.Debug|Any CPU.ActiveCfg = Debug|Any CPU
		{963FECF9-9F70-47B1-A7D7-A92A92B924DA}.Debug|Any CPU.Build.0 = Debug|Any CPU
		{963FECF9-9F70-47B1-A7D7-A92A92B924DA}.Release|Any CPU.ActiveCfg = Release|Any CPU
		{963FECF9-9F70-47B1-A7D7-A92A92B924DA}.Release|Any CPU.Build.0 = Release|Any CPU
		{DDE8ADBA-8B80-4311-B643-BD06E5420D8C}.Debug|Any CPU.ActiveCfg = Debug|Any CPU
		{DDE8ADBA-8B80-4311-B643-BD06E5420D8C}.Debug|Any CPU.Build.0 = Debug|Any CPU
		{DDE8ADBA-8B80-4311-B643-BD06E5420D8C}.Release|Any CPU.ActiveCfg = Release|Any CPU
		{DDE8ADBA-8B80-4311-B643-BD06E5420D8C}.Release|Any CPU.Build.0 = Release|Any CPU
		{2761182D-C570-4965-A8DE-968F7D6E1C85}.Debug|Any CPU.ActiveCfg = Debug|Any CPU
		{2761182D-C570-4965-A8DE-968F7D6E1C85}.Debug|Any CPU.Build.0 = Debug|Any CPU
		{2761182D-C570-4965-A8DE-968F7D6E1C85}.Release|Any CPU.ActiveCfg = Release|Any CPU
		{2761182D-C570-4965-A8DE-968F7D6E1C85}.Release|Any CPU.Build.0 = Release|Any CPU
		{E01422D1-E70F-4331-A3C3-DB4253610266}.Debug|Any CPU.ActiveCfg = Debug|Any CPU
		{E01422D1-E70F-4331-A3C3-DB4253610266}.Debug|Any CPU.Build.0 = Debug|Any CPU
		{E01422D1-E70F-4331-A3C3-DB4253610266}.Release|Any CPU.ActiveCfg = Release|Any CPU
		{E01422D1-E70F-4331-A3C3-DB4253610266}.Release|Any CPU.Build.0 = Release|Any CPU
		{71D13E06-7C99-41FC-84F3-7246069D0664}.Debug|Any CPU.ActiveCfg = Debug|Any CPU
		{71D13E06-7C99-41FC-84F3-7246069D0664}.Debug|Any CPU.Build.0 = Debug|Any CPU
		{71D13E06-7C99-41FC-84F3-7246069D0664}.Release|Any CPU.ActiveCfg = Release|Any CPU
		{71D13E06-7C99-41FC-84F3-7246069D0664}.Release|Any CPU.Build.0 = Release|Any CPU
		{95EF8691-BA07-4438-89AC-EC8D74A7B8A5}.Debug|Any CPU.ActiveCfg = Debug|Any CPU
		{95EF8691-BA07-4438-89AC-EC8D74A7B8A5}.Debug|Any CPU.Build.0 = Debug|Any CPU
		{95EF8691-BA07-4438-89AC-EC8D74A7B8A5}.Release|Any CPU.ActiveCfg = Release|Any CPU
		{95EF8691-BA07-4438-89AC-EC8D74A7B8A5}.Release|Any CPU.Build.0 = Release|Any CPU
		{03119AE9-8DBA-4DB7-A79D-E35A1FC6A9E1}.Debug|Any CPU.ActiveCfg = Debug|Any CPU
		{03119AE9-8DBA-4DB7-A79D-E35A1FC6A9E1}.Debug|Any CPU.Build.0 = Debug|Any CPU
		{03119AE9-8DBA-4DB7-A79D-E35A1FC6A9E1}.Release|Any CPU.ActiveCfg = Release|Any CPU
		{03119AE9-8DBA-4DB7-A79D-E35A1FC6A9E1}.Release|Any CPU.Build.0 = Release|Any CPU
		{590F2BBD-8E2D-4761-A322-3B694CBDC00A}.Debug|Any CPU.ActiveCfg = Debug|Any CPU
		{590F2BBD-8E2D-4761-A322-3B694CBDC00A}.Debug|Any CPU.Build.0 = Debug|Any CPU
		{590F2BBD-8E2D-4761-A322-3B694CBDC00A}.Release|Any CPU.ActiveCfg = Release|Any CPU
		{590F2BBD-8E2D-4761-A322-3B694CBDC00A}.Release|Any CPU.Build.0 = Release|Any CPU
		{7943D382-2F9D-42AD-AE1E-FCDDC96418C3}.Debug|Any CPU.ActiveCfg = Debug|Any CPU
		{7943D382-2F9D-42AD-AE1E-FCDDC96418C3}.Debug|Any CPU.Build.0 = Debug|Any CPU
		{7943D382-2F9D-42AD-AE1E-FCDDC96418C3}.Release|Any CPU.ActiveCfg = Release|Any CPU
		{7943D382-2F9D-42AD-AE1E-FCDDC96418C3}.Release|Any CPU.Build.0 = Release|Any CPU
		{C0C5B89C-91EC-4F3B-B071-25781A67B4DD}.Debug|Any CPU.ActiveCfg = Debug|Any CPU
		{C0C5B89C-91EC-4F3B-B071-25781A67B4DD}.Release|Any CPU.ActiveCfg = Release|Any CPU
		{C9F9EA90-617C-4C3A-94F1-23A7B85E2984}.Debug|Any CPU.ActiveCfg = Debug|Any CPU
		{C9F9EA90-617C-4C3A-94F1-23A7B85E2984}.Release|Any CPU.ActiveCfg = Release|Any CPU
		{47E27C94-0ECB-4D32-B3AB-351AE5927136}.Debug|Any CPU.ActiveCfg = Debug|Any CPU
		{47E27C94-0ECB-4D32-B3AB-351AE5927136}.Release|Any CPU.ActiveCfg = Release|Any CPU
	EndGlobalSection
	GlobalSection(SolutionProperties) = preSolution
		HideSolutionNode = FALSE
	EndGlobalSection
	GlobalSection(NestedProjects) = preSolution
		{590F2BBD-8E2D-4761-A322-3B694CBDC00A} = {739397FB-F438-47AC-AD06-0271786DA798}
	EndGlobalSection
	GlobalSection(ExtensibilityGlobals) = postSolution
		SolutionGuid = {C8BC218A-0FD9-4538-AF15-5FC449524CC6}
	EndGlobalSection
EndGlobal
